
Microsoft Visual Studio Solution File, Format Version 12.00
# Visual Studio Version 17
VisualStudioVersion = 17.0.31903.59
MinimumVisualStudioVersion = 10.0.40219.1
Project("{2150E333-8FDC-42A3-9474-1A3956D46DE8}") = "src", "src", "{D5E060FE-9EFD-48CF-BB0D-4C5EC0804869}"
EndProject
Project("{FAE04EC0-301F-11D3-BF4B-00C04F79EFBC}") = "Backend", "src\Backend\Backend.csproj", "{02B2865F-B5EA-4C01-A6D3-891B058F4E67}"
EndProject
Global
	GlobalSection(SolutionConfigurationPlatforms) = preSolution
		Debug|Any CPU = Debug|Any CPU
		Release|Any CPU = Release|Any CPU
	EndGlobalSection
	GlobalSection(SolutionProperties) = preSolution
		HideSolutionNode = FALSE
	EndGlobalSection
	GlobalSection(ProjectConfigurationPlatforms) = postSolution
		{02B2865F-B5EA-4C01-A6D3-891B058F4E67}.Debug|Any CPU.ActiveCfg = Debug|Any CPU
		{02B2865F-B5EA-4C01-A6D3-891B058F4E67}.Debug|Any CPU.Build.0 = Debug|Any CPU
		{02B2865F-B5EA-4C01-A6D3-891B058F4E67}.Release|Any CPU.ActiveCfg = Release|Any CPU
		{02B2865F-B5EA-4C01-A6D3-891B058F4E67}.Release|Any CPU.Build.0 = Release|Any CPU
	EndGlobalSection
	GlobalSection(NestedProjects) = preSolution
		{02B2865F-B5EA-4C01-A6D3-891B058F4E67} = {D5E060FE-9EFD-48CF-BB0D-4C5EC0804869}
	EndGlobalSection
EndGlobal
